
Microsoft Visual Studio Solution File, Format Version 12.00
# Visual Studio 15
VisualStudioVersion = 15.0.28307.329
MinimumVisualStudioVersion = 10.0.40219.1
Project("{FAE04EC0-301F-11D3-BF4B-00C04F79EFBC}") = "InstaFit", "InstaFit\InstaFit.csproj", "{2313C99B-518C-4640-A088-87EF89BEAFF7}"
EndProject
Project("{FAE04EC0-301F-11D3-BF4B-00C04F79EFBC}") = "InstaFitTDD", "..\InstaFitTDD\InstaFitTDD.csproj", "{367863F2-154C-43E0-9AC7-A9A67A1DBFC0}"
EndProject
Global
	GlobalSection(SolutionConfigurationPlatforms) = preSolution
		Debug|Any CPU = Debug|Any CPU
		Release|Any CPU = Release|Any CPU
	EndGlobalSection
	GlobalSection(ProjectConfigurationPlatforms) = postSolution
		{2313C99B-518C-4640-A088-87EF89BEAFF7}.Debug|Any CPU.ActiveCfg = Debug|Any CPU
		{2313C99B-518C-4640-A088-87EF89BEAFF7}.Debug|Any CPU.Build.0 = Debug|Any CPU
		{2313C99B-518C-4640-A088-87EF89BEAFF7}.Release|Any CPU.ActiveCfg = Release|Any CPU
		{2313C99B-518C-4640-A088-87EF89BEAFF7}.Release|Any CPU.Build.0 = Release|Any CPU
		{367863F2-154C-43E0-9AC7-A9A67A1DBFC0}.Debug|Any CPU.ActiveCfg = Debug|Any CPU
		{367863F2-154C-43E0-9AC7-A9A67A1DBFC0}.Debug|Any CPU.Build.0 = Debug|Any CPU
		{367863F2-154C-43E0-9AC7-A9A67A1DBFC0}.Release|Any CPU.ActiveCfg = Release|Any CPU
		{367863F2-154C-43E0-9AC7-A9A67A1DBFC0}.Release|Any CPU.Build.0 = Release|Any CPU
	EndGlobalSection
	GlobalSection(SolutionProperties) = preSolution
		HideSolutionNode = FALSE
	EndGlobalSection
	GlobalSection(ExtensibilityGlobals) = postSolution
		SolutionGuid = {514670D4-53FB-40B7-86BF-AF7EF6C22A5D}
	EndGlobalSection
EndGlobal
